// !$*UTF8*$!
{
	archiveVersion = 1;
	classes = {
	};
	objectVersion = 56;
	objects = {

/* Begin PBXBuildFile section */
		9215C5E62951D1D000684938 /* Message.swift in Sources */ = {isa = PBXBuildFile; fileRef = 9215C5E52951D1D000684938 /* Message.swift */; };
		9215C5E82951E0B200684938 /* MessageCell.swift in Sources */ = {isa = PBXBuildFile; fileRef = 9215C5E72951E0B200684938 /* MessageCell.swift */; };
		9215C5EA2951E0ED00684938 /* Message_Eslesme.swift in Sources */ = {isa = PBXBuildFile; fileRef = 9215C5E92951E0ED00684938 /* Message_Eslesme.swift */; };
		9215C5EC2951E11D00684938 /* TakipCell.swift in Sources */ = {isa = PBXBuildFile; fileRef = 9215C5EB2951E11D00684938 /* TakipCell.swift */; };
		9244A36D2902E2D500E77961 /* OturumAcController.swift in Sources */ = {isa = PBXBuildFile; fileRef = 9244A36C2902E2D500E77961 /* OturumAcController.swift */; };
		924B0B532906E86100B161BC /* FotografSeciciController.swift in Sources */ = {isa = PBXBuildFile; fileRef = 924B0B522906E86100B161BC /* FotografSeciciController.swift */; };
		924C28F529521B460093617D /* LastMessageNavBar.swift in Sources */ = {isa = PBXBuildFile; fileRef = 924C28F429521B460093617D /* LastMessageNavBar.swift */; };
		924C28F7295231B60093617D /* LastMessage.swift in Sources */ = {isa = PBXBuildFile; fileRef = 924C28F6295231B60093617D /* LastMessage.swift */; };
		924F7CE528FD679F003E043E /* AnaTabBarController.swift in Sources */ = {isa = PBXBuildFile; fileRef = 924F7CE428FD679E003E043E /* AnaTabBarController.swift */; };
		924F7CE828FD6823003E043E /* KullanıcıProfilController.swift in Sources */ = {isa = PBXBuildFile; fileRef = 924F7CE728FD6823003E043E /* KullanıcıProfilController.swift */; };
		924F7CEB28FD7A94003E043E /* KullanıcıProfilHeader.swift in Sources */ = {isa = PBXBuildFile; fileRef = 924F7CEA28FD7A94003E043E /* KullanıcıProfilHeader.swift */; };
		924F7CEE28FD818F003E043E /* Kullanıcı.swift in Sources */ = {isa = PBXBuildFile; fileRef = 924F7CED28FD818F003E043E /* Kullanıcı.swift */; };
		924FCECF294F6F5100108BE0 /* MessageNavBar.swift in Sources */ = {isa = PBXBuildFile; fileRef = 924FCECE294F6F5000108BE0 /* MessageNavBar.swift */; };
		92537982294F39AB005C4C92 /* Uzantı+UiView.swift in Sources */ = {isa = PBXBuildFile; fileRef = 92537981294F39AB005C4C92 /* Uzantı+UiView.swift */; };
		92537984294F3A8D005C4C92 /* Uzantı+UiView+StackView.swift in Sources */ = {isa = PBXBuildFile; fileRef = 92537983294F3A8D005C4C92 /* Uzantı+UiView+StackView.swift */; };
		92537986294F3E75005C4C92 /* NewMessageController.swift in Sources */ = {isa = PBXBuildFile; fileRef = 92537985294F3E75005C4C92 /* NewMessageController.swift */; };
		92537988294F606F005C4C92 /* LastMessagesController.swift in Sources */ = {isa = PBXBuildFile; fileRef = 92537987294F606F005C4C92 /* LastMessagesController.swift */; };
		92626D36290994CF00C19682 /* FotografSeciciHeader.swift in Sources */ = {isa = PBXBuildFile; fileRef = 92626D35290994CF00C19682 /* FotografSeciciHeader.swift */; };
		92626D3829099CFE00C19682 /* FotografPaylasController.swift in Sources */ = {isa = PBXBuildFile; fileRef = 92626D3729099CFE00C19682 /* FotografPaylasController.swift */; };
		926B0183294A05090029C237 /* MessagesController.swift in Sources */ = {isa = PBXBuildFile; fileRef = 926B0182294A05090029C237 /* MessagesController.swift */; };
		926B018D294A2F270029C237 /* ListeCell.swift in Sources */ = {isa = PBXBuildFile; fileRef = 926B018C294A2F270029C237 /* ListeCell.swift */; };
		926B018F294A31530029C237 /* ListeHeaderFooterController.swift in Sources */ = {isa = PBXBuildFile; fileRef = 926B018E294A31530029C237 /* ListeHeaderFooterController.swift */; };
		926B0192294A372E0029C237 /* ImageViewAspectFit.swift in Sources */ = {isa = PBXBuildFile; fileRef = 926B0191294A372E0029C237 /* ImageViewAspectFit.swift */; };
		926B0196294A381F0029C237 /* ImageViewAspectFill.swift in Sources */ = {isa = PBXBuildFile; fileRef = 926B0195294A381F0029C237 /* ImageViewAspectFill.swift */; };
		926B0198294A386E0029C237 /* TextFieldIntent.swift in Sources */ = {isa = PBXBuildFile; fileRef = 926B0197294A386E0029C237 /* TextFieldIntent.swift */; };
		927F63172930DD200069BC95 /* YorumlarController.swift in Sources */ = {isa = PBXBuildFile; fileRef = 927F63162930DD200069BC95 /* YorumlarController.swift */; };
		927F63192930ECFA0069BC95 /* YorumCell.swift in Sources */ = {isa = PBXBuildFile; fileRef = 927F63182930ECFA0069BC95 /* YorumCell.swift */; };
		927F631B293101AD0069BC95 /* Yorum.swift in Sources */ = {isa = PBXBuildFile; fileRef = 927F631A293101AD0069BC95 /* Yorum.swift */; };
		92957520294E17E800A1D479 /* UiButton.swift in Sources */ = {isa = PBXBuildFile; fileRef = 9295751F294E17E800A1D479 /* UiButton.swift */; };
		92957522294E217500A1D479 /* UiLabel.swift in Sources */ = {isa = PBXBuildFile; fileRef = 92957521294E217500A1D479 /* UiLabel.swift */; };
		92957524294E222500A1D479 /* UiStackView.swift in Sources */ = {isa = PBXBuildFile; fileRef = 92957523294E222500A1D479 /* UiStackView.swift */; };
		92957526294E252D00A1D479 /* UiTextField.swift in Sources */ = {isa = PBXBuildFile; fileRef = 92957525294E252D00A1D479 /* UiTextField.swift */; };
		92957528294E256500A1D479 /* UiTextView.swift in Sources */ = {isa = PBXBuildFile; fileRef = 92957527294E256500A1D479 /* UiTextView.swift */; };
		9295752C294E33ED00A1D479 /* DaireselImageView.swift in Sources */ = {isa = PBXBuildFile; fileRef = 9295752B294E33ED00A1D479 /* DaireselImageView.swift */; };
		9295752E294E36F600A1D479 /* ListeHeaderController.swift in Sources */ = {isa = PBXBuildFile; fileRef = 9295752D294E36F600A1D479 /* ListeHeaderController.swift */; };
		92957530294E378500A1D479 /* ListeController.swift in Sources */ = {isa = PBXBuildFile; fileRef = 9295752F294E378500A1D479 /* ListeController.swift */; };
		929721E0292B921400AEC99A /* KullanıcıAramaController.swift in Sources */ = {isa = PBXBuildFile; fileRef = 929721DF292B921400AEC99A /* KullanıcıAramaController.swift */; };
		929721E2292B9A0000AEC99A /* KullanıcıAramaCell.swift in Sources */ = {isa = PBXBuildFile; fileRef = 929721E1292B9A0000AEC99A /* KullanıcıAramaCell.swift */; };
		929721E4292BB92700AEC99A /* UzantiFirestore.swift in Sources */ = {isa = PBXBuildFile; fileRef = 929721E3292BB92700AEC99A /* UzantiFirestore.swift */; };
		929721E6292BBE1700AEC99A /* Uzantı+Date.swift in Sources */ = {isa = PBXBuildFile; fileRef = 929721E5292BBE1600AEC99A /* Uzantı+Date.swift */; };
		929DCC1B29098F1300AC88FC /* FotografSeciciCell.swift in Sources */ = {isa = PBXBuildFile; fileRef = 929DCC1A29098F1300AC88FC /* FotografSeciciCell.swift */; };
		92B6F19028F874DC00CDAF7A /* AppDelegate.swift in Sources */ = {isa = PBXBuildFile; fileRef = 92B6F18F28F874DC00CDAF7A /* AppDelegate.swift */; };
		92B6F19228F874DC00CDAF7A /* SceneDelegate.swift in Sources */ = {isa = PBXBuildFile; fileRef = 92B6F19128F874DC00CDAF7A /* SceneDelegate.swift */; };
		92B6F19428F874DC00CDAF7A /* KayitOlController.swift in Sources */ = {isa = PBXBuildFile; fileRef = 92B6F19328F874DC00CDAF7A /* KayitOlController.swift */; };
		92B6F19728F874DC00CDAF7A /* Main.storyboard in Resources */ = {isa = PBXBuildFile; fileRef = 92B6F19528F874DC00CDAF7A /* Main.storyboard */; };
		92B6F19928F874E000CDAF7A /* Assets.xcassets in Resources */ = {isa = PBXBuildFile; fileRef = 92B6F19828F874E000CDAF7A /* Assets.xcassets */; };
		92B6F19C28F874E000CDAF7A /* LaunchScreen.storyboard in Resources */ = {isa = PBXBuildFile; fileRef = 92B6F19A28F874E000CDAF7A /* LaunchScreen.storyboard */; };
		92B6F1A728F874E100CDAF7A /* denemeTests.swift in Sources */ = {isa = PBXBuildFile; fileRef = 92B6F1A628F874E100CDAF7A /* denemeTests.swift */; };
		92B6F1B128F874E100CDAF7A /* denemeUITests.swift in Sources */ = {isa = PBXBuildFile; fileRef = 92B6F1B028F874E100CDAF7A /* denemeUITests.swift */; };
		92B6F1B328F874E100CDAF7A /* denemeUITestsLaunchTests.swift in Sources */ = {isa = PBXBuildFile; fileRef = 92B6F1B228F874E100CDAF7A /* denemeUITestsLaunchTests.swift */; };
		92C42BEE290C0198008F22E8 /* Paylasim.swift in Sources */ = {isa = PBXBuildFile; fileRef = 92C42BED290C0198008F22E8 /* Paylasim.swift */; };
		92C42BF0290C038D008F22E8 /* KullaniciPaylasimFotoCell.swift in Sources */ = {isa = PBXBuildFile; fileRef = 92C42BEF290C038D008F22E8 /* KullaniciPaylasimFotoCell.swift */; };
		92C42BF4290C192A008F22E8 /* AnasayfaController.swift in Sources */ = {isa = PBXBuildFile; fileRef = 92C42BF3290C192A008F22E8 /* AnasayfaController.swift */; };
		92C42BF6290C1A52008F22E8 /* AnaPaylasimCell.swift in Sources */ = {isa = PBXBuildFile; fileRef = 92C42BF5290C1A52008F22E8 /* AnaPaylasimCell.swift */; };
		92C7A219294F9B0700B75ED5 /* NewMessageNavBar.swift in Sources */ = {isa = PBXBuildFile; fileRef = 92C7A218294F9B0600B75ED5 /* NewMessageNavBar.swift */; };
		92E14C6B28F97E280072069F /* UIColor.swift in Sources */ = {isa = PBXBuildFile; fileRef = 92E14C6A28F97E280072069F /* UIColor.swift */; };
		92E14C6D28F98E9E0072069F /* GoogleService-Info.plist in Resources */ = {isa = PBXBuildFile; fileRef = 92E14C6C28F98E9D0072069F /* GoogleService-Info.plist */; };
		92E14C7C28F9AB9D0072069F /* FirebaseAnalytics in Frameworks */ = {isa = PBXBuildFile; productRef = 92E14C7B28F9AB9D0072069F /* FirebaseAnalytics */; };
		92E14C7E28F9AB9D0072069F /* FirebaseAnalyticsWithoutAdIdSupport in Frameworks */ = {isa = PBXBuildFile; productRef = 92E14C7D28F9AB9D0072069F /* FirebaseAnalyticsWithoutAdIdSupport */; };
		92E14C8028F9AB9D0072069F /* FirebaseAuth in Frameworks */ = {isa = PBXBuildFile; productRef = 92E14C7F28F9AB9D0072069F /* FirebaseAuth */; };
		92E14C8228F9AB9D0072069F /* FirebaseDatabase in Frameworks */ = {isa = PBXBuildFile; productRef = 92E14C8128F9AB9D0072069F /* FirebaseDatabase */; };
		92E14C8428F9AB9D0072069F /* FirebaseFirestore in Frameworks */ = {isa = PBXBuildFile; productRef = 92E14C8328F9AB9D0072069F /* FirebaseFirestore */; };
		92E14C8628F9AB9D0072069F /* FirebaseStorage in Frameworks */ = {isa = PBXBuildFile; productRef = 92E14C8528F9AB9D0072069F /* FirebaseStorage */; };
		92E14C8928F9AC0A0072069F /* SDWebImage in Frameworks */ = {isa = PBXBuildFile; productRef = 92E14C8828F9AC0A0072069F /* SDWebImage */; };
		92E14C8B28F9AC0B0072069F /* SDWebImageMapKit in Frameworks */ = {isa = PBXBuildFile; productRef = 92E14C8A28F9AC0B0072069F /* SDWebImageMapKit */; };
		92E14C8E28F9AC880072069F /* JGProgressHUD in Frameworks */ = {isa = PBXBuildFile; productRef = 92E14C8D28F9AC880072069F /* JGProgressHUD */; };
/* End PBXBuildFile section */

/* Begin PBXContainerItemProxy section */
		92B6F1A328F874E100CDAF7A /* PBXContainerItemProxy */ = {
			isa = PBXContainerItemProxy;
			containerPortal = 92B6F18428F874DC00CDAF7A /* Project object */;
			proxyType = 1;
			remoteGlobalIDString = 92B6F18B28F874DC00CDAF7A;
			remoteInfo = deneme;
		};
		92B6F1AD28F874E100CDAF7A /* PBXContainerItemProxy */ = {
			isa = PBXContainerItemProxy;
			containerPortal = 92B6F18428F874DC00CDAF7A /* Project object */;
			proxyType = 1;
			remoteGlobalIDString = 92B6F18B28F874DC00CDAF7A;
			remoteInfo = deneme;
		};
/* End PBXContainerItemProxy section */

/* Begin PBXFileReference section */
		9215C5E52951D1D000684938 /* Message.swift */ = {isa = PBXFileReference; lastKnownFileType = sourcecode.swift; path = Message.swift; sourceTree = "<group>"; };
		9215C5E72951E0B200684938 /* MessageCell.swift */ = {isa = PBXFileReference; lastKnownFileType = sourcecode.swift; path = MessageCell.swift; sourceTree = "<group>"; };
		9215C5E92951E0ED00684938 /* Message_Eslesme.swift */ = {isa = PBXFileReference; lastKnownFileType = sourcecode.swift; path = Message_Eslesme.swift; sourceTree = "<group>"; };
		9215C5EB2951E11D00684938 /* TakipCell.swift */ = {isa = PBXFileReference; lastKnownFileType = sourcecode.swift; path = TakipCell.swift; sourceTree = "<group>"; };
		9244A36C2902E2D500E77961 /* OturumAcController.swift */ = {isa = PBXFileReference; lastKnownFileType = sourcecode.swift; path = OturumAcController.swift; sourceTree = "<group>"; };
		924B0B522906E86100B161BC /* FotografSeciciController.swift */ = {isa = PBXFileReference; lastKnownFileType = sourcecode.swift; path = FotografSeciciController.swift; sourceTree = "<group>"; };
		924C28F429521B460093617D /* LastMessageNavBar.swift */ = {isa = PBXFileReference; lastKnownFileType = sourcecode.swift; path = LastMessageNavBar.swift; sourceTree = "<group>"; };
		924C28F6295231B60093617D /* LastMessage.swift */ = {isa = PBXFileReference; lastKnownFileType = sourcecode.swift; path = LastMessage.swift; sourceTree = "<group>"; };
		924F7CE428FD679E003E043E /* AnaTabBarController.swift */ = {isa = PBXFileReference; lastKnownFileType = sourcecode.swift; path = AnaTabBarController.swift; sourceTree = "<group>"; };
		924F7CE728FD6823003E043E /* KullanıcıProfilController.swift */ = {isa = PBXFileReference; lastKnownFileType = sourcecode.swift; path = "KullanıcıProfilController.swift"; sourceTree = "<group>"; };
		924F7CEA28FD7A94003E043E /* KullanıcıProfilHeader.swift */ = {isa = PBXFileReference; lastKnownFileType = sourcecode.swift; path = "KullanıcıProfilHeader.swift"; sourceTree = "<group>"; };
		924F7CED28FD818F003E043E /* Kullanıcı.swift */ = {isa = PBXFileReference; lastKnownFileType = sourcecode.swift; path = "Kullanıcı.swift"; sourceTree = "<group>"; };
		924FCECE294F6F5000108BE0 /* MessageNavBar.swift */ = {isa = PBXFileReference; lastKnownFileType = sourcecode.swift; path = MessageNavBar.swift; sourceTree = "<group>"; };
		92537981294F39AB005C4C92 /* Uzantı+UiView.swift */ = {isa = PBXFileReference; lastKnownFileType = sourcecode.swift; path = "Uzantı+UiView.swift"; sourceTree = "<group>"; };
		92537983294F3A8D005C4C92 /* Uzantı+UiView+StackView.swift */ = {isa = PBXFileReference; lastKnownFileType = sourcecode.swift; path = "Uzantı+UiView+StackView.swift"; sourceTree = "<group>"; };
		92537985294F3E75005C4C92 /* NewMessageController.swift */ = {isa = PBXFileReference; lastKnownFileType = sourcecode.swift; path = NewMessageController.swift; sourceTree = "<group>"; };
		92537987294F606F005C4C92 /* LastMessagesController.swift */ = {isa = PBXFileReference; lastKnownFileType = sourcecode.swift; path = LastMessagesController.swift; sourceTree = "<group>"; };
		92626D35290994CF00C19682 /* FotografSeciciHeader.swift */ = {isa = PBXFileReference; lastKnownFileType = sourcecode.swift; path = FotografSeciciHeader.swift; sourceTree = "<group>"; };
		92626D3729099CFE00C19682 /* FotografPaylasController.swift */ = {isa = PBXFileReference; lastKnownFileType = sourcecode.swift; path = FotografPaylasController.swift; sourceTree = "<group>"; };
		926B0182294A05090029C237 /* MessagesController.swift */ = {isa = PBXFileReference; lastKnownFileType = sourcecode.swift; path = MessagesController.swift; sourceTree = "<group>"; };
		926B018C294A2F270029C237 /* ListeCell.swift */ = {isa = PBXFileReference; lastKnownFileType = sourcecode.swift; path = ListeCell.swift; sourceTree = "<group>"; };
		926B018E294A31530029C237 /* ListeHeaderFooterController.swift */ = {isa = PBXFileReference; lastKnownFileType = sourcecode.swift; path = ListeHeaderFooterController.swift; sourceTree = "<group>"; };
		926B0191294A372E0029C237 /* ImageViewAspectFit.swift */ = {isa = PBXFileReference; lastKnownFileType = sourcecode.swift; path = ImageViewAspectFit.swift; sourceTree = "<group>"; };
		926B0195294A381F0029C237 /* ImageViewAspectFill.swift */ = {isa = PBXFileReference; lastKnownFileType = sourcecode.swift; path = ImageViewAspectFill.swift; sourceTree = "<group>"; };
		926B0197294A386E0029C237 /* TextFieldIntent.swift */ = {isa = PBXFileReference; lastKnownFileType = sourcecode.swift; path = TextFieldIntent.swift; sourceTree = "<group>"; };
		927F63162930DD200069BC95 /* YorumlarController.swift */ = {isa = PBXFileReference; lastKnownFileType = sourcecode.swift; path = YorumlarController.swift; sourceTree = "<group>"; };
		927F63182930ECFA0069BC95 /* YorumCell.swift */ = {isa = PBXFileReference; lastKnownFileType = sourcecode.swift; path = YorumCell.swift; sourceTree = "<group>"; };
		927F631A293101AD0069BC95 /* Yorum.swift */ = {isa = PBXFileReference; lastKnownFileType = sourcecode.swift; path = Yorum.swift; sourceTree = "<group>"; };
		9295751F294E17E800A1D479 /* UiButton.swift */ = {isa = PBXFileReference; lastKnownFileType = sourcecode.swift; path = UiButton.swift; sourceTree = "<group>"; };
		92957521294E217500A1D479 /* UiLabel.swift */ = {isa = PBXFileReference; lastKnownFileType = sourcecode.swift; path = UiLabel.swift; sourceTree = "<group>"; };
		92957523294E222500A1D479 /* UiStackView.swift */ = {isa = PBXFileReference; lastKnownFileType = sourcecode.swift; path = UiStackView.swift; sourceTree = "<group>"; };
		92957525294E252D00A1D479 /* UiTextField.swift */ = {isa = PBXFileReference; lastKnownFileType = sourcecode.swift; path = UiTextField.swift; sourceTree = "<group>"; };
		92957527294E256500A1D479 /* UiTextView.swift */ = {isa = PBXFileReference; lastKnownFileType = sourcecode.swift; path = UiTextView.swift; sourceTree = "<group>"; };
		9295752B294E33ED00A1D479 /* DaireselImageView.swift */ = {isa = PBXFileReference; lastKnownFileType = sourcecode.swift; path = DaireselImageView.swift; sourceTree = "<group>"; };
		9295752D294E36F600A1D479 /* ListeHeaderController.swift */ = {isa = PBXFileReference; lastKnownFileType = sourcecode.swift; path = ListeHeaderController.swift; sourceTree = "<group>"; };
		9295752F294E378500A1D479 /* ListeController.swift */ = {isa = PBXFileReference; lastKnownFileType = sourcecode.swift; path = ListeController.swift; sourceTree = "<group>"; };
		929721DF292B921400AEC99A /* KullanıcıAramaController.swift */ = {isa = PBXFileReference; lastKnownFileType = sourcecode.swift; path = "KullanıcıAramaController.swift"; sourceTree = "<group>"; };
		929721E1292B9A0000AEC99A /* KullanıcıAramaCell.swift */ = {isa = PBXFileReference; lastKnownFileType = sourcecode.swift; path = "KullanıcıAramaCell.swift"; sourceTree = "<group>"; };
		929721E3292BB92700AEC99A /* UzantiFirestore.swift */ = {isa = PBXFileReference; lastKnownFileType = sourcecode.swift; path = UzantiFirestore.swift; sourceTree = "<group>"; };
		929721E5292BBE1600AEC99A /* Uzantı+Date.swift */ = {isa = PBXFileReference; lastKnownFileType = sourcecode.swift; path = "Uzantı+Date.swift"; sourceTree = "<group>"; };
		929DCC1A29098F1300AC88FC /* FotografSeciciCell.swift */ = {isa = PBXFileReference; lastKnownFileType = sourcecode.swift; path = FotografSeciciCell.swift; sourceTree = "<group>"; };
		92B6F18C28F874DC00CDAF7A /* tez.app */ = {isa = PBXFileReference; explicitFileType = wrapper.application; includeInIndex = 0; path = tez.app; sourceTree = BUILT_PRODUCTS_DIR; };
		92B6F18F28F874DC00CDAF7A /* AppDelegate.swift */ = {isa = PBXFileReference; lastKnownFileType = sourcecode.swift; path = AppDelegate.swift; sourceTree = "<group>"; };
		92B6F19128F874DC00CDAF7A /* SceneDelegate.swift */ = {isa = PBXFileReference; lastKnownFileType = sourcecode.swift; path = SceneDelegate.swift; sourceTree = "<group>"; };
		92B6F19328F874DC00CDAF7A /* KayitOlController.swift */ = {isa = PBXFileReference; lastKnownFileType = sourcecode.swift; path = KayitOlController.swift; sourceTree = "<group>"; };
		92B6F19628F874DC00CDAF7A /* Base */ = {isa = PBXFileReference; lastKnownFileType = file.storyboard; name = Base; path = Base.lproj/Main.storyboard; sourceTree = "<group>"; };
		92B6F19828F874E000CDAF7A /* Assets.xcassets */ = {isa = PBXFileReference; lastKnownFileType = folder.assetcatalog; path = Assets.xcassets; sourceTree = "<group>"; };
		92B6F19B28F874E000CDAF7A /* Base */ = {isa = PBXFileReference; lastKnownFileType = file.storyboard; name = Base; path = Base.lproj/LaunchScreen.storyboard; sourceTree = "<group>"; };
		92B6F19D28F874E000CDAF7A /* Info.plist */ = {isa = PBXFileReference; lastKnownFileType = text.plist.xml; path = Info.plist; sourceTree = "<group>"; };
		92B6F1A228F874E100CDAF7A /* tezTests.xctest */ = {isa = PBXFileReference; explicitFileType = wrapper.cfbundle; includeInIndex = 0; path = tezTests.xctest; sourceTree = BUILT_PRODUCTS_DIR; };
		92B6F1A628F874E100CDAF7A /* denemeTests.swift */ = {isa = PBXFileReference; lastKnownFileType = sourcecode.swift; path = denemeTests.swift; sourceTree = "<group>"; };
		92B6F1AC28F874E100CDAF7A /* tezUITests.xctest */ = {isa = PBXFileReference; explicitFileType = wrapper.cfbundle; includeInIndex = 0; path = tezUITests.xctest; sourceTree = BUILT_PRODUCTS_DIR; };
		92B6F1B028F874E100CDAF7A /* denemeUITests.swift */ = {isa = PBXFileReference; lastKnownFileType = sourcecode.swift; path = denemeUITests.swift; sourceTree = "<group>"; };
		92B6F1B228F874E100CDAF7A /* denemeUITestsLaunchTests.swift */ = {isa = PBXFileReference; lastKnownFileType = sourcecode.swift; path = denemeUITestsLaunchTests.swift; sourceTree = "<group>"; };
		92C42BED290C0198008F22E8 /* Paylasim.swift */ = {isa = PBXFileReference; lastKnownFileType = sourcecode.swift; path = Paylasim.swift; sourceTree = "<group>"; };
		92C42BEF290C038D008F22E8 /* KullaniciPaylasimFotoCell.swift */ = {isa = PBXFileReference; lastKnownFileType = sourcecode.swift; path = KullaniciPaylasimFotoCell.swift; sourceTree = "<group>"; };
		92C42BF3290C192A008F22E8 /* AnasayfaController.swift */ = {isa = PBXFileReference; lastKnownFileType = sourcecode.swift; path = AnasayfaController.swift; sourceTree = "<group>"; };
		92C42BF5290C1A52008F22E8 /* AnaPaylasimCell.swift */ = {isa = PBXFileReference; lastKnownFileType = sourcecode.swift; path = AnaPaylasimCell.swift; sourceTree = "<group>"; };
		92C7A218294F9B0600B75ED5 /* NewMessageNavBar.swift */ = {isa = PBXFileReference; lastKnownFileType = sourcecode.swift; path = NewMessageNavBar.swift; sourceTree = "<group>"; };
		92E14C6A28F97E280072069F /* UIColor.swift */ = {isa = PBXFileReference; lastKnownFileType = sourcecode.swift; path = UIColor.swift; sourceTree = "<group>"; };
		92E14C6C28F98E9D0072069F /* GoogleService-Info.plist */ = {isa = PBXFileReference; fileEncoding = 4; lastKnownFileType = text.plist.xml; path = "GoogleService-Info.plist"; sourceTree = "<group>"; };
/* End PBXFileReference section */

/* Begin PBXFrameworksBuildPhase section */
		92B6F18928F874DC00CDAF7A /* Frameworks */ = {
			isa = PBXFrameworksBuildPhase;
			buildActionMask = 2147483647;
			files = (
				92E14C7C28F9AB9D0072069F /* FirebaseAnalytics in Frameworks */,
				92E14C8028F9AB9D0072069F /* FirebaseAuth in Frameworks */,
				92E14C8228F9AB9D0072069F /* FirebaseDatabase in Frameworks */,
				92E14C8928F9AC0A0072069F /* SDWebImage in Frameworks */,
				92E14C8428F9AB9D0072069F /* FirebaseFirestore in Frameworks */,
				92E14C7E28F9AB9D0072069F /* FirebaseAnalyticsWithoutAdIdSupport in Frameworks */,
				92E14C8B28F9AC0B0072069F /* SDWebImageMapKit in Frameworks */,
				92E14C8E28F9AC880072069F /* JGProgressHUD in Frameworks */,
				92E14C8628F9AB9D0072069F /* FirebaseStorage in Frameworks */,
			);
			runOnlyForDeploymentPostprocessing = 0;
		};
		92B6F19F28F874E100CDAF7A /* Frameworks */ = {
			isa = PBXFrameworksBuildPhase;
			buildActionMask = 2147483647;
			files = (
			);
			runOnlyForDeploymentPostprocessing = 0;
		};
		92B6F1A928F874E100CDAF7A /* Frameworks */ = {
			isa = PBXFrameworksBuildPhase;
			buildActionMask = 2147483647;
			files = (
			);
			runOnlyForDeploymentPostprocessing = 0;
		};
/* End PBXFrameworksBuildPhase section */

/* Begin PBXGroup section */
		9244A36B2902E2B700E77961 /* OturumAc */ = {
			isa = PBXGroup;
			children = (
				9244A36C2902E2D500E77961 /* OturumAcController.swift */,
			);
			path = OturumAc;
			sourceTree = "<group>";
		};
		924B0B512906E85000B161BC /* FotografEkle */ = {
			isa = PBXGroup;
			children = (
				924B0B522906E86100B161BC /* FotografSeciciController.swift */,
				929DCC1A29098F1300AC88FC /* FotografSeciciCell.swift */,
				92626D35290994CF00C19682 /* FotografSeciciHeader.swift */,
				92626D3729099CFE00C19682 /* FotografPaylasController.swift */,
			);
			path = FotografEkle;
			sourceTree = "<group>";
		};
		924F7CE928FD7A7D003E043E /* KullanıcıProfil */ = {
			isa = PBXGroup;
			children = (
				924F7CEA28FD7A94003E043E /* KullanıcıProfilHeader.swift */,
				924F7CE728FD6823003E043E /* KullanıcıProfilController.swift */,
				92C42BEF290C038D008F22E8 /* KullaniciPaylasimFotoCell.swift */,
			);
			path = "KullanıcıProfil";
			sourceTree = "<group>";
		};
		924F7CEC28FD817F003E043E /* Modal */ = {
			isa = PBXGroup;
			children = (
				924F7CED28FD818F003E043E /* Kullanıcı.swift */,
				92C42BED290C0198008F22E8 /* Paylasim.swift */,
				927F631A293101AD0069BC95 /* Yorum.swift */,
				9215C5E52951D1D000684938 /* Message.swift */,
				9215C5E92951E0ED00684938 /* Message_Eslesme.swift */,
				924C28F6295231B60093617D /* LastMessage.swift */,
			);
			path = Modal;
			sourceTree = "<group>";
		};
		926B0181294A04F60029C237 /* Messages */ = {
			isa = PBXGroup;
			children = (
				926B0182294A05090029C237 /* MessagesController.swift */,
				92537985294F3E75005C4C92 /* NewMessageController.swift */,
				92537987294F606F005C4C92 /* LastMessagesController.swift */,
				924FCECE294F6F5000108BE0 /* MessageNavBar.swift */,
				92C7A218294F9B0600B75ED5 /* NewMessageNavBar.swift */,
				9215C5E72951E0B200684938 /* MessageCell.swift */,
				9215C5EB2951E11D00684938 /* TakipCell.swift */,
				924C28F429521B460093617D /* LastMessageNavBar.swift */,
			);
			path = Messages;
			sourceTree = "<group>";
		};
		926B0190294A37050029C237 /* Uzantılar */ = {
			isa = PBXGroup;
			children = (
				929721E5292BBE1600AEC99A /* Uzantı+Date.swift */,
				929721E3292BB92700AEC99A /* UzantiFirestore.swift */,
				926B018C294A2F270029C237 /* ListeCell.swift */,
				926B018E294A31530029C237 /* ListeHeaderFooterController.swift */,
				926B0191294A372E0029C237 /* ImageViewAspectFit.swift */,
				926B0195294A381F0029C237 /* ImageViewAspectFill.swift */,
				926B0197294A386E0029C237 /* TextFieldIntent.swift */,
				9295751F294E17E800A1D479 /* UiButton.swift */,
				92957521294E217500A1D479 /* UiLabel.swift */,
				92957523294E222500A1D479 /* UiStackView.swift */,
				92957525294E252D00A1D479 /* UiTextField.swift */,
				92957527294E256500A1D479 /* UiTextView.swift */,
				9295752B294E33ED00A1D479 /* DaireselImageView.swift */,
				9295752D294E36F600A1D479 /* ListeHeaderController.swift */,
				9295752F294E378500A1D479 /* ListeController.swift */,
				92537981294F39AB005C4C92 /* Uzantı+UiView.swift */,
				92537983294F3A8D005C4C92 /* Uzantı+UiView+StackView.swift */,
			);
			path = "Uzantılar";
			sourceTree = "<group>";
		};
		929721DE292B920200AEC99A /* Arama */ = {
			isa = PBXGroup;
			children = (
				929721DF292B921400AEC99A /* KullanıcıAramaController.swift */,
				929721E1292B9A0000AEC99A /* KullanıcıAramaCell.swift */,
			);
			path = Arama;
			sourceTree = "<group>";
		};
		92B6F18328F874DC00CDAF7A = {
			isa = PBXGroup;
			children = (
				92B6F18E28F874DC00CDAF7A /* deneme */,
				92B6F1A528F874E100CDAF7A /* denemeTests */,
				92B6F1AF28F874E100CDAF7A /* denemeUITests */,
				92B6F18D28F874DC00CDAF7A /* Products */,
			);
			sourceTree = "<group>";
		};
		92B6F18D28F874DC00CDAF7A /* Products */ = {
			isa = PBXGroup;
			children = (
				92B6F18C28F874DC00CDAF7A /* tez.app */,
				92B6F1A228F874E100CDAF7A /* tezTests.xctest */,
				92B6F1AC28F874E100CDAF7A /* tezUITests.xctest */,
			);
			name = Products;
			sourceTree = "<group>";
		};
		92B6F18E28F874DC00CDAF7A /* deneme */ = {
			isa = PBXGroup;
			children = (
				926B0190294A37050029C237 /* Uzantılar */,
				926B0181294A04F60029C237 /* Messages */,
				929721DE292B920200AEC99A /* Arama */,
				92C42BF2290C1911008F22E8 /* AnaSayfa */,
				92C42BF1290C18F7008F22E8 /* KayıtOl */,
				924B0B512906E85000B161BC /* FotografEkle */,
				9244A36B2902E2B700E77961 /* OturumAc */,
				924F7CEC28FD817F003E043E /* Modal */,
				924F7CE928FD7A7D003E043E /* KullanıcıProfil */,
				92E14C6928F97E060072069F /* UIColor */,
				92B6F18F28F874DC00CDAF7A /* AppDelegate.swift */,
				924F7CE428FD679E003E043E /* AnaTabBarController.swift */,
				92B6F19128F874DC00CDAF7A /* SceneDelegate.swift */,
				92B6F19528F874DC00CDAF7A /* Main.storyboard */,
				92B6F19828F874E000CDAF7A /* Assets.xcassets */,
				92B6F19A28F874E000CDAF7A /* LaunchScreen.storyboard */,
				92B6F19D28F874E000CDAF7A /* Info.plist */,
				92E14C6C28F98E9D0072069F /* GoogleService-Info.plist */,
			);
			path = deneme;
			sourceTree = "<group>";
		};
		92B6F1A528F874E100CDAF7A /* denemeTests */ = {
			isa = PBXGroup;
			children = (
				92B6F1A628F874E100CDAF7A /* denemeTests.swift */,
			);
			path = denemeTests;
			sourceTree = "<group>";
		};
		92B6F1AF28F874E100CDAF7A /* denemeUITests */ = {
			isa = PBXGroup;
			children = (
				92B6F1B028F874E100CDAF7A /* denemeUITests.swift */,
				92B6F1B228F874E100CDAF7A /* denemeUITestsLaunchTests.swift */,
			);
			path = denemeUITests;
			sourceTree = "<group>";
		};
		92C42BF1290C18F7008F22E8 /* KayıtOl */ = {
			isa = PBXGroup;
			children = (
				92B6F19328F874DC00CDAF7A /* KayitOlController.swift */,
			);
			path = "KayıtOl";
			sourceTree = "<group>";
		};
		92C42BF2290C1911008F22E8 /* AnaSayfa */ = {
			isa = PBXGroup;
			children = (
				92C42BF3290C192A008F22E8 /* AnasayfaController.swift */,
				92C42BF5290C1A52008F22E8 /* AnaPaylasimCell.swift */,
				927F63162930DD200069BC95 /* YorumlarController.swift */,
				927F63182930ECFA0069BC95 /* YorumCell.swift */,
			);
			path = AnaSayfa;
			sourceTree = "<group>";
		};
		92E14C6928F97E060072069F /* UIColor */ = {
			isa = PBXGroup;
			children = (
				92E14C6A28F97E280072069F /* UIColor.swift */,
			);
			path = UIColor;
			sourceTree = "<group>";
		};
/* End PBXGroup section */

/* Begin PBXNativeTarget section */
		92B6F18B28F874DC00CDAF7A /* tez */ = {
			isa = PBXNativeTarget;
			buildConfigurationList = 92B6F1B628F874E100CDAF7A /* Build configuration list for PBXNativeTarget "tez" */;
			buildPhases = (
				92B6F18828F874DC00CDAF7A /* Sources */,
				92B6F18928F874DC00CDAF7A /* Frameworks */,
				92B6F18A28F874DC00CDAF7A /* Resources */,
			);
			buildRules = (
			);
			dependencies = (
			);
			name = tez;
			packageProductDependencies = (
				92E14C7B28F9AB9D0072069F /* FirebaseAnalytics */,
				92E14C7D28F9AB9D0072069F /* FirebaseAnalyticsWithoutAdIdSupport */,
				92E14C7F28F9AB9D0072069F /* FirebaseAuth */,
				92E14C8128F9AB9D0072069F /* FirebaseDatabase */,
				92E14C8328F9AB9D0072069F /* FirebaseFirestore */,
				92E14C8528F9AB9D0072069F /* FirebaseStorage */,
				92E14C8828F9AC0A0072069F /* SDWebImage */,
				92E14C8A28F9AC0B0072069F /* SDWebImageMapKit */,
				92E14C8D28F9AC880072069F /* JGProgressHUD */,
			);
			productName = deneme;
			productReference = 92B6F18C28F874DC00CDAF7A /* tez.app */;
			productType = "com.apple.product-type.application";
		};
		92B6F1A128F874E100CDAF7A /* tezTests */ = {
			isa = PBXNativeTarget;
			buildConfigurationList = 92B6F1B928F874E100CDAF7A /* Build configuration list for PBXNativeTarget "tezTests" */;
			buildPhases = (
				92B6F19E28F874E100CDAF7A /* Sources */,
				92B6F19F28F874E100CDAF7A /* Frameworks */,
				92B6F1A028F874E100CDAF7A /* Resources */,
			);
			buildRules = (
			);
			dependencies = (
				92B6F1A428F874E100CDAF7A /* PBXTargetDependency */,
			);
			name = tezTests;
			productName = denemeTests;
			productReference = 92B6F1A228F874E100CDAF7A /* tezTests.xctest */;
			productType = "com.apple.product-type.bundle.unit-test";
		};
		92B6F1AB28F874E100CDAF7A /* tezUITests */ = {
			isa = PBXNativeTarget;
			buildConfigurationList = 92B6F1BC28F874E100CDAF7A /* Build configuration list for PBXNativeTarget "tezUITests" */;
			buildPhases = (
				92B6F1A828F874E100CDAF7A /* Sources */,
				92B6F1A928F874E100CDAF7A /* Frameworks */,
				92B6F1AA28F874E100CDAF7A /* Resources */,
			);
			buildRules = (
			);
			dependencies = (
				92B6F1AE28F874E100CDAF7A /* PBXTargetDependency */,
			);
			name = tezUITests;
			productName = denemeUITests;
			productReference = 92B6F1AC28F874E100CDAF7A /* tezUITests.xctest */;
			productType = "com.apple.product-type.bundle.ui-testing";
		};
/* End PBXNativeTarget section */

/* Begin PBXProject section */
		92B6F18428F874DC00CDAF7A /* Project object */ = {
			isa = PBXProject;
			attributes = {
				BuildIndependentTargetsInParallel = 1;
				LastSwiftUpdateCheck = 1400;
				LastUpgradeCheck = 1400;
				TargetAttributes = {
					92B6F18B28F874DC00CDAF7A = {
						CreatedOnToolsVersion = 14.0.1;
					};
					92B6F1A128F874E100CDAF7A = {
						CreatedOnToolsVersion = 14.0.1;
						TestTargetID = 92B6F18B28F874DC00CDAF7A;
					};
					92B6F1AB28F874E100CDAF7A = {
						CreatedOnToolsVersion = 14.0.1;
						TestTargetID = 92B6F18B28F874DC00CDAF7A;
					};
				};
			};
			buildConfigurationList = 92B6F18728F874DC00CDAF7A /* Build configuration list for PBXProject "tez" */;
			compatibilityVersion = "Xcode 14.0";
			developmentRegion = en;
			hasScannedForEncodings = 0;
			knownRegions = (
				en,
				Base,
			);
			mainGroup = 92B6F18328F874DC00CDAF7A;
			packageReferences = (
				92E14C7A28F9AB9C0072069F /* XCRemoteSwiftPackageReference "firebase-ios-sdk" */,
				92E14C8728F9AC0A0072069F /* XCRemoteSwiftPackageReference "SDWebImage" */,
				92E14C8C28F9AC880072069F /* XCRemoteSwiftPackageReference "JGProgressHUD" */,
			);
			productRefGroup = 92B6F18D28F874DC00CDAF7A /* Products */;
			projectDirPath = "";
			projectRoot = "";
			targets = (
				92B6F18B28F874DC00CDAF7A /* tez */,
				92B6F1A128F874E100CDAF7A /* tezTests */,
				92B6F1AB28F874E100CDAF7A /* tezUITests */,
			);
		};
/* End PBXProject section */

/* Begin PBXResourcesBuildPhase section */
		92B6F18A28F874DC00CDAF7A /* Resources */ = {
			isa = PBXResourcesBuildPhase;
			buildActionMask = 2147483647;
			files = (
				92B6F19C28F874E000CDAF7A /* LaunchScreen.storyboard in Resources */,
				92E14C6D28F98E9E0072069F /* GoogleService-Info.plist in Resources */,
				92B6F19928F874E000CDAF7A /* Assets.xcassets in Resources */,
				92B6F19728F874DC00CDAF7A /* Main.storyboard in Resources */,
			);
			runOnlyForDeploymentPostprocessing = 0;
		};
		92B6F1A028F874E100CDAF7A /* Resources */ = {
			isa = PBXResourcesBuildPhase;
			buildActionMask = 2147483647;
			files = (
			);
			runOnlyForDeploymentPostprocessing = 0;
		};
		92B6F1AA28F874E100CDAF7A /* Resources */ = {
			isa = PBXResourcesBuildPhase;
			buildActionMask = 2147483647;
			files = (
			);
			runOnlyForDeploymentPostprocessing = 0;
		};
/* End PBXResourcesBuildPhase section */

/* Begin PBXSourcesBuildPhase section */
		92B6F18828F874DC00CDAF7A /* Sources */ = {
			isa = PBXSourcesBuildPhase;
			buildActionMask = 2147483647;
			files = (
				9244A36D2902E2D500E77961 /* OturumAcController.swift in Sources */,
				926B018D294A2F270029C237 /* ListeCell.swift in Sources */,
				92957522294E217500A1D479 /* UiLabel.swift in Sources */,
				92537982294F39AB005C4C92 /* Uzantı+UiView.swift in Sources */,
				929DCC1B29098F1300AC88FC /* FotografSeciciCell.swift in Sources */,
				924B0B532906E86100B161BC /* FotografSeciciController.swift in Sources */,
				92957526294E252D00A1D479 /* UiTextField.swift in Sources */,
				926B0183294A05090029C237 /* MessagesController.swift in Sources */,
				92957530294E378500A1D479 /* ListeController.swift in Sources */,
				924F7CEB28FD7A94003E043E /* KullanıcıProfilHeader.swift in Sources */,
				92537984294F3A8D005C4C92 /* Uzantı+UiView+StackView.swift in Sources */,
				9215C5EA2951E0ED00684938 /* Message_Eslesme.swift in Sources */,
				926B018F294A31530029C237 /* ListeHeaderFooterController.swift in Sources */,
				9295752E294E36F600A1D479 /* ListeHeaderController.swift in Sources */,
				92537986294F3E75005C4C92 /* NewMessageController.swift in Sources */,
				927F631B293101AD0069BC95 /* Yorum.swift in Sources */,
				926B0198294A386E0029C237 /* TextFieldIntent.swift in Sources */,
				924F7CE828FD6823003E043E /* KullanıcıProfilController.swift in Sources */,
				92B6F19428F874DC00CDAF7A /* KayitOlController.swift in Sources */,
				924C28F529521B460093617D /* LastMessageNavBar.swift in Sources */,
				92957528294E256500A1D479 /* UiTextView.swift in Sources */,
				924F7CE528FD679F003E043E /* AnaTabBarController.swift in Sources */,
				92E14C6B28F97E280072069F /* UIColor.swift in Sources */,
				924FCECF294F6F5100108BE0 /* MessageNavBar.swift in Sources */,
				929721E2292B9A0000AEC99A /* KullanıcıAramaCell.swift in Sources */,
				92B6F19028F874DC00CDAF7A /* AppDelegate.swift in Sources */,
				92537988294F606F005C4C92 /* LastMessagesController.swift in Sources */,
				924C28F7295231B60093617D /* LastMessage.swift in Sources */,
				9215C5EC2951E11D00684938 /* TakipCell.swift in Sources */,
				929721E4292BB92700AEC99A /* UzantiFirestore.swift in Sources */,
				92C7A219294F9B0700B75ED5 /* NewMessageNavBar.swift in Sources */,
				924F7CEE28FD818F003E043E /* Kullanıcı.swift in Sources */,
				92626D3829099CFE00C19682 /* FotografPaylasController.swift in Sources */,
				927F63192930ECFA0069BC95 /* YorumCell.swift in Sources */,
				926B0192294A372E0029C237 /* ImageViewAspectFit.swift in Sources */,
				92957524294E222500A1D479 /* UiStackView.swift in Sources */,
				92C42BF4290C192A008F22E8 /* AnasayfaController.swift in Sources */,
				929721E6292BBE1700AEC99A /* Uzantı+Date.swift in Sources */,
				92C42BF0290C038D008F22E8 /* KullaniciPaylasimFotoCell.swift in Sources */,
				92957520294E17E800A1D479 /* UiButton.swift in Sources */,
				926B0196294A381F0029C237 /* ImageViewAspectFill.swift in Sources */,
				92C42BEE290C0198008F22E8 /* Paylasim.swift in Sources */,
				9295752C294E33ED00A1D479 /* DaireselImageView.swift in Sources */,
				9215C5E82951E0B200684938 /* MessageCell.swift in Sources */,
				92626D36290994CF00C19682 /* FotografSeciciHeader.swift in Sources */,
				929721E0292B921400AEC99A /* KullanıcıAramaController.swift in Sources */,
				927F63172930DD200069BC95 /* YorumlarController.swift in Sources */,
				9215C5E62951D1D000684938 /* Message.swift in Sources */,
				92B6F19228F874DC00CDAF7A /* SceneDelegate.swift in Sources */,
				92C42BF6290C1A52008F22E8 /* AnaPaylasimCell.swift in Sources */,
			);
			runOnlyForDeploymentPostprocessing = 0;
		};
		92B6F19E28F874E100CDAF7A /* Sources */ = {
			isa = PBXSourcesBuildPhase;
			buildActionMask = 2147483647;
			files = (
				92B6F1A728F874E100CDAF7A /* denemeTests.swift in Sources */,
			);
			runOnlyForDeploymentPostprocessing = 0;
		};
		92B6F1A828F874E100CDAF7A /* Sources */ = {
			isa = PBXSourcesBuildPhase;
			buildActionMask = 2147483647;
			files = (
				92B6F1B328F874E100CDAF7A /* denemeUITestsLaunchTests.swift in Sources */,
				92B6F1B128F874E100CDAF7A /* denemeUITests.swift in Sources */,
			);
			runOnlyForDeploymentPostprocessing = 0;
		};
/* End PBXSourcesBuildPhase section */

/* Begin PBXTargetDependency section */
		92B6F1A428F874E100CDAF7A /* PBXTargetDependency */ = {
			isa = PBXTargetDependency;
			target = 92B6F18B28F874DC00CDAF7A /* tez */;
			targetProxy = 92B6F1A328F874E100CDAF7A /* PBXContainerItemProxy */;
		};
		92B6F1AE28F874E100CDAF7A /* PBXTargetDependency */ = {
			isa = PBXTargetDependency;
			target = 92B6F18B28F874DC00CDAF7A /* tez */;
			targetProxy = 92B6F1AD28F874E100CDAF7A /* PBXContainerItemProxy */;
		};
/* End PBXTargetDependency section */

/* Begin PBXVariantGroup section */
		92B6F19528F874DC00CDAF7A /* Main.storyboard */ = {
			isa = PBXVariantGroup;
			children = (
				92B6F19628F874DC00CDAF7A /* Base */,
			);
			name = Main.storyboard;
			sourceTree = "<group>";
		};
		92B6F19A28F874E000CDAF7A /* LaunchScreen.storyboard */ = {
			isa = PBXVariantGroup;
			children = (
				92B6F19B28F874E000CDAF7A /* Base */,
			);
			name = LaunchScreen.storyboard;
			sourceTree = "<group>";
		};
/* End PBXVariantGroup section */

/* Begin XCBuildConfiguration section */
		92B6F1B428F874E100CDAF7A /* Debug */ = {
			isa = XCBuildConfiguration;
			buildSettings = {
				ALWAYS_SEARCH_USER_PATHS = NO;
				CLANG_ANALYZER_NONNULL = YES;
				CLANG_ANALYZER_NUMBER_OBJECT_CONVERSION = YES_AGGRESSIVE;
				CLANG_CXX_LANGUAGE_STANDARD = "gnu++20";
				CLANG_ENABLE_MODULES = YES;
				CLANG_ENABLE_OBJC_ARC = YES;
				CLANG_ENABLE_OBJC_WEAK = YES;
				CLANG_WARN_BLOCK_CAPTURE_AUTORELEASING = YES;
				CLANG_WARN_BOOL_CONVERSION = YES;
				CLANG_WARN_COMMA = YES;
				CLANG_WARN_CONSTANT_CONVERSION = YES;
				CLANG_WARN_DEPRECATED_OBJC_IMPLEMENTATIONS = YES;
				CLANG_WARN_DIRECT_OBJC_ISA_USAGE = YES_ERROR;
				CLANG_WARN_DOCUMENTATION_COMMENTS = YES;
				CLANG_WARN_EMPTY_BODY = YES;
				CLANG_WARN_ENUM_CONVERSION = YES;
				CLANG_WARN_INFINITE_RECURSION = YES;
				CLANG_WARN_INT_CONVERSION = YES;
				CLANG_WARN_NON_LITERAL_NULL_CONVERSION = YES;
				CLANG_WARN_OBJC_IMPLICIT_RETAIN_SELF = YES;
				CLANG_WARN_OBJC_LITERAL_CONVERSION = YES;
				CLANG_WARN_OBJC_ROOT_CLASS = YES_ERROR;
				CLANG_WARN_QUOTED_INCLUDE_IN_FRAMEWORK_HEADER = YES;
				CLANG_WARN_RANGE_LOOP_ANALYSIS = YES;
				CLANG_WARN_STRICT_PROTOTYPES = YES;
				CLANG_WARN_SUSPICIOUS_MOVE = YES;
				CLANG_WARN_UNGUARDED_AVAILABILITY = YES_AGGRESSIVE;
				CLANG_WARN_UNREACHABLE_CODE = YES;
				CLANG_WARN__DUPLICATE_METHOD_MATCH = YES;
				COPY_PHASE_STRIP = NO;
				DEBUG_INFORMATION_FORMAT = dwarf;
				ENABLE_STRICT_OBJC_MSGSEND = YES;
				ENABLE_TESTABILITY = YES;
				GCC_C_LANGUAGE_STANDARD = gnu11;
				GCC_DYNAMIC_NO_PIC = NO;
				GCC_NO_COMMON_BLOCKS = YES;
				GCC_OPTIMIZATION_LEVEL = 0;
				GCC_PREPROCESSOR_DEFINITIONS = (
					"DEBUG=1",
					"$(inherited)",
				);
				GCC_WARN_64_TO_32_BIT_CONVERSION = YES;
				GCC_WARN_ABOUT_RETURN_TYPE = YES_ERROR;
				GCC_WARN_UNDECLARED_SELECTOR = YES;
				GCC_WARN_UNINITIALIZED_AUTOS = YES_AGGRESSIVE;
				GCC_WARN_UNUSED_FUNCTION = YES;
				GCC_WARN_UNUSED_VARIABLE = YES;
				IPHONEOS_DEPLOYMENT_TARGET = 16.0;
				MTL_ENABLE_DEBUG_INFO = INCLUDE_SOURCE;
				MTL_FAST_MATH = YES;
				ONLY_ACTIVE_ARCH = YES;
				SDKROOT = iphoneos;
				SWIFT_ACTIVE_COMPILATION_CONDITIONS = DEBUG;
				SWIFT_OPTIMIZATION_LEVEL = "-Onone";
			};
			name = Debug;
		};
		92B6F1B528F874E100CDAF7A /* Release */ = {
			isa = XCBuildConfiguration;
			buildSettings = {
				ALWAYS_SEARCH_USER_PATHS = NO;
				CLANG_ANALYZER_NONNULL = YES;
				CLANG_ANALYZER_NUMBER_OBJECT_CONVERSION = YES_AGGRESSIVE;
				CLANG_CXX_LANGUAGE_STANDARD = "gnu++20";
				CLANG_ENABLE_MODULES = YES;
				CLANG_ENABLE_OBJC_ARC = YES;
				CLANG_ENABLE_OBJC_WEAK = YES;
				CLANG_WARN_BLOCK_CAPTURE_AUTORELEASING = YES;
				CLANG_WARN_BOOL_CONVERSION = YES;
				CLANG_WARN_COMMA = YES;
				CLANG_WARN_CONSTANT_CONVERSION = YES;
				CLANG_WARN_DEPRECATED_OBJC_IMPLEMENTATIONS = YES;
				CLANG_WARN_DIRECT_OBJC_ISA_USAGE = YES_ERROR;
				CLANG_WARN_DOCUMENTATION_COMMENTS = YES;
				CLANG_WARN_EMPTY_BODY = YES;
				CLANG_WARN_ENUM_CONVERSION = YES;
				CLANG_WARN_INFINITE_RECURSION = YES;
				CLANG_WARN_INT_CONVERSION = YES;
				CLANG_WARN_NON_LITERAL_NULL_CONVERSION = YES;
				CLANG_WARN_OBJC_IMPLICIT_RETAIN_SELF = YES;
				CLANG_WARN_OBJC_LITERAL_CONVERSION = YES;
				CLANG_WARN_OBJC_ROOT_CLASS = YES_ERROR;
				CLANG_WARN_QUOTED_INCLUDE_IN_FRAMEWORK_HEADER = YES;
				CLANG_WARN_RANGE_LOOP_ANALYSIS = YES;
				CLANG_WARN_STRICT_PROTOTYPES = YES;
				CLANG_WARN_SUSPICIOUS_MOVE = YES;
				CLANG_WARN_UNGUARDED_AVAILABILITY = YES_AGGRESSIVE;
				CLANG_WARN_UNREACHABLE_CODE = YES;
				CLANG_WARN__DUPLICATE_METHOD_MATCH = YES;
				COPY_PHASE_STRIP = NO;
				DEBUG_INFORMATION_FORMAT = "dwarf-with-dsym";
				ENABLE_NS_ASSERTIONS = NO;
				ENABLE_STRICT_OBJC_MSGSEND = YES;
				GCC_C_LANGUAGE_STANDARD = gnu11;
				GCC_NO_COMMON_BLOCKS = YES;
				GCC_WARN_64_TO_32_BIT_CONVERSION = YES;
				GCC_WARN_ABOUT_RETURN_TYPE = YES_ERROR;
				GCC_WARN_UNDECLARED_SELECTOR = YES;
				GCC_WARN_UNINITIALIZED_AUTOS = YES_AGGRESSIVE;
				GCC_WARN_UNUSED_FUNCTION = YES;
				GCC_WARN_UNUSED_VARIABLE = YES;
				IPHONEOS_DEPLOYMENT_TARGET = 16.0;
				MTL_ENABLE_DEBUG_INFO = NO;
				MTL_FAST_MATH = YES;
				SDKROOT = iphoneos;
				SWIFT_COMPILATION_MODE = wholemodule;
				SWIFT_OPTIMIZATION_LEVEL = "-O";
				VALIDATE_PRODUCT = YES;
			};
			name = Release;
		};
		92B6F1B728F874E100CDAF7A /* Debug */ = {
			isa = XCBuildConfiguration;
			buildSettings = {
				ASSETCATALOG_COMPILER_APPICON_NAME = AppIcon;
				ASSETCATALOG_COMPILER_GLOBAL_ACCENT_COLOR_NAME = AccentColor;
				CODE_SIGN_STYLE = Automatic;
				CURRENT_PROJECT_VERSION = 1;
				DEVELOPMENT_TEAM = 2C2JQAY773;
				GENERATE_INFOPLIST_FILE = YES;
				INFOPLIST_FILE = deneme/Info.plist;
				INFOPLIST_KEY_NSCameraUsageDescription = "Fotoğraf Çekmek İçin Kamera Erişim İzini";
				INFOPLIST_KEY_NSPhotoLibraryUsageDescription = "Fotoğraflara Erişmek için";
				INFOPLIST_KEY_UIApplicationSupportsIndirectInputEvents = YES;
				INFOPLIST_KEY_UILaunchStoryboardName = LaunchScreen;
				INFOPLIST_KEY_UIMainStoryboardFile = Main;
				INFOPLIST_KEY_UIStatusBarStyle = UIStatusBarStyleDarkContent;
				INFOPLIST_KEY_UISupportedInterfaceOrientations = UIInterfaceOrientationPortrait;
				INFOPLIST_KEY_UISupportedInterfaceOrientations_iPad = "UIInterfaceOrientationLandscapeLeft UIInterfaceOrientationLandscapeRight UIInterfaceOrientationPortrait UIInterfaceOrientationPortraitUpsideDown";
				LD_RUNPATH_SEARCH_PATHS = (
					"$(inherited)",
					"@executable_path/Frameworks",
				);
				MARKETING_VERSION = 1.0;
				PRODUCT_BUNDLE_IDENTIFIER = tr.edu.umtyuksel.deneme;
				PRODUCT_NAME = "$(TARGET_NAME)";
				SWIFT_EMIT_LOC_STRINGS = YES;
				SWIFT_VERSION = 5.0;
				TARGETED_DEVICE_FAMILY = "1,2";
			};
			name = Debug;
		};
		92B6F1B828F874E100CDAF7A /* Release */ = {
			isa = XCBuildConfiguration;
			buildSettings = {
				ASSETCATALOG_COMPILER_APPICON_NAME = AppIcon;
				ASSETCATALOG_COMPILER_GLOBAL_ACCENT_COLOR_NAME = AccentColor;
				CODE_SIGN_STYLE = Automatic;
				CURRENT_PROJECT_VERSION = 1;
				DEVELOPMENT_TEAM = 2C2JQAY773;
				GENERATE_INFOPLIST_FILE = YES;
				INFOPLIST_FILE = deneme/Info.plist;
				INFOPLIST_KEY_NSCameraUsageDescription = "Fotoğraf Çekmek İçin Kamera Erişim İzini";
				INFOPLIST_KEY_NSPhotoLibraryUsageDescription = "Fotoğraflara Erişmek için";
				INFOPLIST_KEY_UIApplicationSupportsIndirectInputEvents = YES;
				INFOPLIST_KEY_UILaunchStoryboardName = LaunchScreen;
				INFOPLIST_KEY_UIMainStoryboardFile = Main;
				INFOPLIST_KEY_UIStatusBarStyle = UIStatusBarStyleDarkContent;
				INFOPLIST_KEY_UISupportedInterfaceOrientations = UIInterfaceOrientationPortrait;
				INFOPLIST_KEY_UISupportedInterfaceOrientations_iPad = "UIInterfaceOrientationLandscapeLeft UIInterfaceOrientationLandscapeRight UIInterfaceOrientationPortrait UIInterfaceOrientationPortraitUpsideDown";
				LD_RUNPATH_SEARCH_PATHS = (
					"$(inherited)",
					"@executable_path/Frameworks",
				);
				MARKETING_VERSION = 1.0;
				PRODUCT_BUNDLE_IDENTIFIER = tr.edu.umtyuksel.deneme;
				PRODUCT_NAME = "$(TARGET_NAME)";
				SWIFT_EMIT_LOC_STRINGS = YES;
				SWIFT_VERSION = 5.0;
				TARGETED_DEVICE_FAMILY = "1,2";
			};
			name = Release;
		};
		92B6F1BA28F874E100CDAF7A /* Debug */ = {
			isa = XCBuildConfiguration;
			buildSettings = {
				ALWAYS_EMBED_SWIFT_STANDARD_LIBRARIES = YES;
				BUNDLE_LOADER = "$(TEST_HOST)";
				CODE_SIGN_STYLE = Automatic;
				CURRENT_PROJECT_VERSION = 1;
				GENERATE_INFOPLIST_FILE = YES;
				IPHONEOS_DEPLOYMENT_TARGET = 16.0;
				MARKETING_VERSION = 1.0;
				PRODUCT_BUNDLE_IDENTIFIER = tr.edu.umtyuksel.denemeTests;
				PRODUCT_NAME = "$(TARGET_NAME)";
				SWIFT_EMIT_LOC_STRINGS = NO;
				SWIFT_VERSION = 5.0;
				TARGETED_DEVICE_FAMILY = "1,2";
				TEST_HOST = "$(BUILT_PRODUCTS_DIR)/tez.app/$(BUNDLE_EXECUTABLE_FOLDER_PATH)/tez";
			};
			name = Debug;
		};
		92B6F1BB28F874E100CDAF7A /* Release */ = {
			isa = XCBuildConfiguration;
			buildSettings = {
				ALWAYS_EMBED_SWIFT_STANDARD_LIBRARIES = YES;
				BUNDLE_LOADER = "$(TEST_HOST)";
				CODE_SIGN_STYLE = Automatic;
				CURRENT_PROJECT_VERSION = 1;
				GENERATE_INFOPLIST_FILE = YES;
				IPHONEOS_DEPLOYMENT_TARGET = 16.0;
				MARKETING_VERSION = 1.0;
				PRODUCT_BUNDLE_IDENTIFIER = tr.edu.umtyuksel.denemeTests;
				PRODUCT_NAME = "$(TARGET_NAME)";
				SWIFT_EMIT_LOC_STRINGS = NO;
				SWIFT_VERSION = 5.0;
				TARGETED_DEVICE_FAMILY = "1,2";
				TEST_HOST = "$(BUILT_PRODUCTS_DIR)/tez.app/$(BUNDLE_EXECUTABLE_FOLDER_PATH)/tez";
			};
			name = Release;
		};
		92B6F1BD28F874E100CDAF7A /* Debug */ = {
			isa = XCBuildConfiguration;
			buildSettings = {
				ALWAYS_EMBED_SWIFT_STANDARD_LIBRARIES = YES;
				CODE_SIGN_STYLE = Automatic;
				CURRENT_PROJECT_VERSION = 1;
				GENERATE_INFOPLIST_FILE = YES;
				MARKETING_VERSION = 1.0;
				PRODUCT_BUNDLE_IDENTIFIER = tr.edu.umtyuksel.denemeUITests;
				PRODUCT_NAME = "$(TARGET_NAME)";
				SWIFT_EMIT_LOC_STRINGS = NO;
				SWIFT_VERSION = 5.0;
				TARGETED_DEVICE_FAMILY = "1,2";
				TEST_TARGET_NAME = deneme;
			};
			name = Debug;
		};
		92B6F1BE28F874E100CDAF7A /* Release */ = {
			isa = XCBuildConfiguration;
			buildSettings = {
				ALWAYS_EMBED_SWIFT_STANDARD_LIBRARIES = YES;
				CODE_SIGN_STYLE = Automatic;
				CURRENT_PROJECT_VERSION = 1;
				GENERATE_INFOPLIST_FILE = YES;
				MARKETING_VERSION = 1.0;
				PRODUCT_BUNDLE_IDENTIFIER = tr.edu.umtyuksel.denemeUITests;
				PRODUCT_NAME = "$(TARGET_NAME)";
				SWIFT_EMIT_LOC_STRINGS = NO;
				SWIFT_VERSION = 5.0;
				TARGETED_DEVICE_FAMILY = "1,2";
				TEST_TARGET_NAME = deneme;
			};
			name = Release;
		};
/* End XCBuildConfiguration section */

/* Begin XCConfigurationList section */
		92B6F18728F874DC00CDAF7A /* Build configuration list for PBXProject "tez" */ = {
			isa = XCConfigurationList;
			buildConfigurations = (
				92B6F1B428F874E100CDAF7A /* Debug */,
				92B6F1B528F874E100CDAF7A /* Release */,
			);
			defaultConfigurationIsVisible = 0;
			defaultConfigurationName = Release;
		};
		92B6F1B628F874E100CDAF7A /* Build configuration list for PBXNativeTarget "tez" */ = {
			isa = XCConfigurationList;
			buildConfigurations = (
				92B6F1B728F874E100CDAF7A /* Debug */,
				92B6F1B828F874E100CDAF7A /* Release */,
			);
			defaultConfigurationIsVisible = 0;
			defaultConfigurationName = Release;
		};
		92B6F1B928F874E100CDAF7A /* Build configuration list for PBXNativeTarget "tezTests" */ = {
			isa = XCConfigurationList;
			buildConfigurations = (
				92B6F1BA28F874E100CDAF7A /* Debug */,
				92B6F1BB28F874E100CDAF7A /* Release */,
			);
			defaultConfigurationIsVisible = 0;
			defaultConfigurationName = Release;
		};
		92B6F1BC28F874E100CDAF7A /* Build configuration list for PBXNativeTarget "tezUITests" */ = {
			isa = XCConfigurationList;
			buildConfigurations = (
				92B6F1BD28F874E100CDAF7A /* Debug */,
				92B6F1BE28F874E100CDAF7A /* Release */,
			);
			defaultConfigurationIsVisible = 0;
			defaultConfigurationName = Release;
		};
/* End XCConfigurationList section */

/* Begin XCRemoteSwiftPackageReference section */
		92E14C7A28F9AB9C0072069F /* XCRemoteSwiftPackageReference "firebase-ios-sdk" */ = {
			isa = XCRemoteSwiftPackageReference;
			repositoryURL = "https://github.com/firebase/firebase-ios-sdk";
			requirement = {
				kind = upToNextMajorVersion;
				minimumVersion = 9.0.0;
			};
		};
		92E14C8728F9AC0A0072069F /* XCRemoteSwiftPackageReference "SDWebImage" */ = {
			isa = XCRemoteSwiftPackageReference;
			repositoryURL = "https://github.com/SDWebImage/SDWebImage.git";
			requirement = {
				kind = upToNextMajorVersion;
				minimumVersion = 5.0.0;
			};
		};
		92E14C8C28F9AC880072069F /* XCRemoteSwiftPackageReference "JGProgressHUD" */ = {
			isa = XCRemoteSwiftPackageReference;
			repositoryURL = "https://github.com/JonasGessner/JGProgressHUD.git";
			requirement = {
				kind = upToNextMajorVersion;
				minimumVersion = 2.0.0;
			};
		};
/* End XCRemoteSwiftPackageReference section */

/* Begin XCSwiftPackageProductDependency section */
		92E14C7B28F9AB9D0072069F /* FirebaseAnalytics */ = {
			isa = XCSwiftPackageProductDependency;
			package = 92E14C7A28F9AB9C0072069F /* XCRemoteSwiftPackageReference "firebase-ios-sdk" */;
			productName = FirebaseAnalytics;
		};
		92E14C7D28F9AB9D0072069F /* FirebaseAnalyticsWithoutAdIdSupport */ = {
			isa = XCSwiftPackageProductDependency;
			package = 92E14C7A28F9AB9C0072069F /* XCRemoteSwiftPackageReference "firebase-ios-sdk" */;
			productName = FirebaseAnalyticsWithoutAdIdSupport;
		};
		92E14C7F28F9AB9D0072069F /* FirebaseAuth */ = {
			isa = XCSwiftPackageProductDependency;
			package = 92E14C7A28F9AB9C0072069F /* XCRemoteSwiftPackageReference "firebase-ios-sdk" */;
			productName = FirebaseAuth;
		};
		92E14C8128F9AB9D0072069F /* FirebaseDatabase */ = {
			isa = XCSwiftPackageProductDependency;
			package = 92E14C7A28F9AB9C0072069F /* XCRemoteSwiftPackageReference "firebase-ios-sdk" */;
			productName = FirebaseDatabase;
		};
		92E14C8328F9AB9D0072069F /* FirebaseFirestore */ = {
			isa = XCSwiftPackageProductDependency;
			package = 92E14C7A28F9AB9C0072069F /* XCRemoteSwiftPackageReference "firebase-ios-sdk" */;
			productName = FirebaseFirestore;
		};
		92E14C8528F9AB9D0072069F /* FirebaseStorage */ = {
			isa = XCSwiftPackageProductDependency;
			package = 92E14C7A28F9AB9C0072069F /* XCRemoteSwiftPackageReference "firebase-ios-sdk" */;
			productName = FirebaseStorage;
		};
		92E14C8828F9AC0A0072069F /* SDWebImage */ = {
			isa = XCSwiftPackageProductDependency;
			package = 92E14C8728F9AC0A0072069F /* XCRemoteSwiftPackageReference "SDWebImage" */;
			productName = SDWebImage;
		};
		92E14C8A28F9AC0B0072069F /* SDWebImageMapKit */ = {
			isa = XCSwiftPackageProductDependency;
			package = 92E14C8728F9AC0A0072069F /* XCRemoteSwiftPackageReference "SDWebImage" */;
			productName = SDWebImageMapKit;
		};
		92E14C8D28F9AC880072069F /* JGProgressHUD */ = {
			isa = XCSwiftPackageProductDependency;
			package = 92E14C8C28F9AC880072069F /* XCRemoteSwiftPackageReference "JGProgressHUD" */;
			productName = JGProgressHUD;
		};
/* End XCSwiftPackageProductDependency section */
	};
	rootObject = 92B6F18428F874DC00CDAF7A /* Project object */;
}
